
Microsoft Visual Studio Solution File, Format Version 12.00
# Visual Studio 15
VisualStudioVersion = 15.0.27004.2010
MinimumVisualStudioVersion = 10.0.40219.1
Project("{FAE04EC0-301F-11D3-BF4B-00C04F79EFBC}") = "StringNormalize", "StringNormalize\StringNormalize.csproj", "{5BEF3B30-B468-4FE1-B74B-5FFC975C12F3}"
EndProject
Project("{FAE04EC0-301F-11D3-BF4B-00C04F79EFBC}") = "CJKUtil", "CJKUtil\CJKUtil.csproj", "{9AD2BF36-7ED3-4DCD-8E73-3EB07DAFD9E5}"
EndProject
Global
	GlobalSection(SolutionConfigurationPlatforms) = preSolution
		Debug|Any CPU = Debug|Any CPU
		Release|Any CPU = Release|Any CPU
	EndGlobalSection
	GlobalSection(ProjectConfigurationPlatforms) = postSolution
		{5BEF3B30-B468-4FE1-B74B-5FFC975C12F3}.Debug|Any CPU.ActiveCfg = Debug|Any CPU
		{5BEF3B30-B468-4FE1-B74B-5FFC975C12F3}.Debug|Any CPU.Build.0 = Debug|Any CPU
		{5BEF3B30-B468-4FE1-B74B-5FFC975C12F3}.Release|Any CPU.ActiveCfg = Release|Any CPU
		{5BEF3B30-B468-4FE1-B74B-5FFC975C12F3}.Release|Any CPU.Build.0 = Release|Any CPU
		{9AD2BF36-7ED3-4DCD-8E73-3EB07DAFD9E5}.Debug|Any CPU.ActiveCfg = Debug|Any CPU
		{9AD2BF36-7ED3-4DCD-8E73-3EB07DAFD9E5}.Debug|Any CPU.Build.0 = Debug|Any CPU
		{9AD2BF36-7ED3-4DCD-8E73-3EB07DAFD9E5}.Release|Any CPU.ActiveCfg = Release|Any CPU
		{9AD2BF36-7ED3-4DCD-8E73-3EB07DAFD9E5}.Release|Any CPU.Build.0 = Release|Any CPU
	EndGlobalSection
	GlobalSection(SolutionProperties) = preSolution
		HideSolutionNode = FALSE
	EndGlobalSection
	GlobalSection(ExtensibilityGlobals) = postSolution
		SolutionGuid = {4F12BC1C-CADA-499E-99DA-872903179E4C}
	EndGlobalSection
EndGlobal
